{
  "nodes": {
    "nixos-hardware": {
      "locked": {
        "lastModified": 1727613673,
        "narHash": "sha256-qqIffTQfxMYo3MKQ9BoY2s2mdKZNnUiksdnxv81js9U=",
        "owner": "nixos",
        "repo": "nixos-hardware",
        "rev": "f5c239fa9acb27f0a5326ba2949c00fada89ca9f",
        "type": "github"
      },
      "original": {
        "owner": "nixos",
        "ref": "master",
        "repo": "nixos-hardware",
        "type": "github"
      }
    },
    "nixpkgs": {
      "locked": {
        "lastModified": 1727348695,
        "narHash": "sha256-J+PeFKSDV+pHL7ukkfpVzCOO7mBSrrpJ3svwBFABbhI=",
        "owner": "nixos",
        "repo": "nixpkgs",
        "rev": "1925c603f17fc89f4c8f6bf6f631a802ad85d784",
        "type": "github"
      },
      "original": {
        "owner": "nixos",
        "ref": "nixos-unstable",
        "repo": "nixpkgs",
        "type": "github"
      }
    },
    "root": {
      "inputs": {
        "nixos-hardware": "nixos-hardware",
        "nixpkgs": "nixpkgs"
      }
    }
  },
  "root": "root",
  "version": 7
}
